// !$*UTF8*$!
{
	archiveVersion = 1;
	classes = {
	};
	objectVersion = 46;
	objects = {

/* Begin PBXBuildFile section */
		97A2A4CEDD68156094DADEB8 /* Pods_WatchDog.framework in Frameworks */ = {isa = PBXBuildFile; fileRef = CDF1C45287667CDEEB236BB4 /* Pods_WatchDog.framework */; };
		A30A778F1E5555CC00DDB7B3 /* JCButton.swift in Sources */ = {isa = PBXBuildFile; fileRef = A30A778E1E5555CC00DDB7B3 /* JCButton.swift */; };
		A30A77911E55827C00DDB7B3 /* UIImageExtension.swift in Sources */ = {isa = PBXBuildFile; fileRef = A30A77901E55827C00DDB7B3 /* UIImageExtension.swift */; };
		A30A77991E559E4A00DDB7B3 /* UIConstants.swift in Sources */ = {isa = PBXBuildFile; fileRef = A30A77981E559E4A00DDB7B3 /* UIConstants.swift */; };
		A319AEC11E514E0F00B154D1 /* AppDelegate.swift in Sources */ = {isa = PBXBuildFile; fileRef = A319AEC01E514E0F00B154D1 /* AppDelegate.swift */; };
		A319AEC81E514E0F00B154D1 /* Assets.xcassets in Resources */ = {isa = PBXBuildFile; fileRef = A319AEC71E514E0F00B154D1 /* Assets.xcassets */; };
		A319AECB1E514E0F00B154D1 /* LaunchScreen.storyboard in Resources */ = {isa = PBXBuildFile; fileRef = A319AEC91E514E0F00B154D1 /* LaunchScreen.storyboard */; };
		A319AED61E514E0F00B154D1 /* WatchDogTests.swift in Sources */ = {isa = PBXBuildFile; fileRef = A319AED51E514E0F00B154D1 /* WatchDogTests.swift */; };
		A319AEE11E514E0F00B154D1 /* WatchDogUITests.swift in Sources */ = {isa = PBXBuildFile; fileRef = A319AEE01E514E0F00B154D1 /* WatchDogUITests.swift */; };
		A33525FB1E5AE0BE00B968F4 /* AddViewController.swift in Sources */ = {isa = PBXBuildFile; fileRef = A33525FA1E5AE0BE00B968F4 /* AddViewController.swift */; };
		A33525FF1E5AE7CD00B968F4 /* AddDevice.swift in Sources */ = {isa = PBXBuildFile; fileRef = A33525FE1E5AE7CD00B968F4 /* AddDevice.swift */; };
		A33526011E5AF3A000B968F4 /* StringExtension.swift in Sources */ = {isa = PBXBuildFile; fileRef = A33526001E5AF3A000B968F4 /* StringExtension.swift */; };
		A33AA25F1E52D2080054DC12 /* JCNavigationController.swift in Sources */ = {isa = PBXBuildFile; fileRef = A33AA25E1E52D2080054DC12 /* JCNavigationController.swift */; };
		A33AA2611E52D21C0054DC12 /* BaseViewController.swift in Sources */ = {isa = PBXBuildFile; fileRef = A33AA2601E52D21C0054DC12 /* BaseViewController.swift */; };
		A3440E9A1E52D8E6006ADEE9 /* HomeViewController.swift in Sources */ = {isa = PBXBuildFile; fileRef = A3440E991E52D8E6006ADEE9 /* HomeViewController.swift */; };
		A3499F151E5AD10A0009727C /* CreateModel.swift in Sources */ = {isa = PBXBuildFile; fileRef = A3499F141E5AD10A0009727C /* CreateModel.swift */; };
		A358B50B1E543B1700921DFC /* AddDevice@2x.png in Resources */ = {isa = PBXBuildFile; fileRef = A358B50A1E543B1700921DFC /* AddDevice@2x.png */; };
		A35CEAC51E52DF3B00F8208D /* UIColorExtension.swift in Sources */ = {isa = PBXBuildFile; fileRef = A35CEAC41E52DF3B00F8208D /* UIColorExtension.swift */; };
		A36D99E81E52ADDD005EFD9F /* README.md in Sources */ = {isa = PBXBuildFile; fileRef = A36D99E71E52ADDD005EFD9F /* README.md */; };
		A382BB011E56DF56006E1D2F /* Logger.swift in Sources */ = {isa = PBXBuildFile; fileRef = A382BB001E56DF56006E1D2F /* Logger.swift */; };
		A3B0F8971E515A8A00B78A09 /* libFosCrypt.a in Frameworks */ = {isa = PBXBuildFile; fileRef = A3B0F8941E515A8A00B78A09 /* libFosCrypt.a */; };
		A3B0F8981E515A8A00B78A09 /* libFosSdk.a in Frameworks */ = {isa = PBXBuildFile; fileRef = A3B0F8951E515A8A00B78A09 /* libFosSdk.a */; };
		A3B0F8991E515A8A00B78A09 /* libHWDecoder.a in Frameworks */ = {isa = PBXBuildFile; fileRef = A3B0F8961E515A8A00B78A09 /* libHWDecoder.a */; };
		A3B0F89F1E51622B00B78A09 /* libstdc++.tbd in Frameworks */ = {isa = PBXBuildFile; fileRef = A3B0F89E1E51622B00B78A09 /* libstdc++.tbd */; };
		A3F246B31E5444B10021F2A5 /* SDKHelper.swift in Sources */ = {isa = PBXBuildFile; fileRef = A3F246B21E5444B10021F2A5 /* SDKHelper.swift */; };
		A3F246B51E5445120021F2A5 /* SDKExtension.swift in Sources */ = {isa = PBXBuildFile; fileRef = A3F246B41E5445120021F2A5 /* SDKExtension.swift */; };
		A3F246B91E5452F40021F2A5 /* LanScanViewController.swift in Sources */ = {isa = PBXBuildFile; fileRef = A3F246B81E5452F40021F2A5 /* LanScanViewController.swift */; };
		A3F246BB1E5457780021F2A5 /* LanScanCell.swift in Sources */ = {isa = PBXBuildFile; fileRef = A3F246BA1E5457780021F2A5 /* LanScanCell.swift */; };
		A3F246BD1E54709F0021F2A5 /* DeviceHelper.swift in Sources */ = {isa = PBXBuildFile; fileRef = A3F246BC1E54709F0021F2A5 /* DeviceHelper.swift */; };
/* End PBXBuildFile section */

/* Begin PBXContainerItemProxy section */
		A319AED21E514E0F00B154D1 /* PBXContainerItemProxy */ = {
			isa = PBXContainerItemProxy;
			containerPortal = A319AEB51E514E0F00B154D1 /* Project object */;
			proxyType = 1;
			remoteGlobalIDString = A319AEBC1E514E0F00B154D1;
			remoteInfo = WatchDog;
		};
		A319AEDD1E514E0F00B154D1 /* PBXContainerItemProxy */ = {
			isa = PBXContainerItemProxy;
			containerPortal = A319AEB51E514E0F00B154D1 /* Project object */;
			proxyType = 1;
			remoteGlobalIDString = A319AEBC1E514E0F00B154D1;
			remoteInfo = WatchDog;
		};
/* End PBXContainerItemProxy section */

/* Begin PBXFileReference section */
		143ABB071BE24C38C3C83715 /* Pods-WatchDog.release.xcconfig */ = {isa = PBXFileReference; includeInIndex = 1; lastKnownFileType = text.xcconfig; name = "Pods-WatchDog.release.xcconfig"; path = "Pods/Target Support Files/Pods-WatchDog/Pods-WatchDog.release.xcconfig"; sourceTree = "<group>"; };
		1659A0EB18D6343F302FA1B8 /* Pods-WatchDog.debug.xcconfig */ = {isa = PBXFileReference; includeInIndex = 1; lastKnownFileType = text.xcconfig; name = "Pods-WatchDog.debug.xcconfig"; path = "Pods/Target Support Files/Pods-WatchDog/Pods-WatchDog.debug.xcconfig"; sourceTree = "<group>"; };
		A30A778E1E5555CC00DDB7B3 /* JCButton.swift */ = {isa = PBXFileReference; fileEncoding = 4; lastKnownFileType = sourcecode.swift; path = JCButton.swift; sourceTree = "<group>"; };
		A30A77901E55827C00DDB7B3 /* UIImageExtension.swift */ = {isa = PBXFileReference; fileEncoding = 4; lastKnownFileType = sourcecode.swift; path = UIImageExtension.swift; sourceTree = "<group>"; };
		A30A77981E559E4A00DDB7B3 /* UIConstants.swift */ = {isa = PBXFileReference; fileEncoding = 4; lastKnownFileType = sourcecode.swift; path = UIConstants.swift; sourceTree = "<group>"; };
		A319AEBD1E514E0F00B154D1 /* WatchDog.app */ = {isa = PBXFileReference; explicitFileType = wrapper.application; includeInIndex = 0; path = WatchDog.app; sourceTree = BUILT_PRODUCTS_DIR; };
		A319AEC01E514E0F00B154D1 /* AppDelegate.swift */ = {isa = PBXFileReference; lastKnownFileType = sourcecode.swift; path = AppDelegate.swift; sourceTree = "<group>"; };
		A319AEC71E514E0F00B154D1 /* Assets.xcassets */ = {isa = PBXFileReference; lastKnownFileType = folder.assetcatalog; path = Assets.xcassets; sourceTree = "<group>"; };
		A319AECA1E514E0F00B154D1 /* Base */ = {isa = PBXFileReference; lastKnownFileType = file.storyboard; name = Base; path = Base.lproj/LaunchScreen.storyboard; sourceTree = "<group>"; };
		A319AECC1E514E0F00B154D1 /* Info.plist */ = {isa = PBXFileReference; lastKnownFileType = text.plist.xml; path = Info.plist; sourceTree = "<group>"; };
		A319AED11E514E0F00B154D1 /* WatchDogTests.xctest */ = {isa = PBXFileReference; explicitFileType = wrapper.cfbundle; includeInIndex = 0; path = WatchDogTests.xctest; sourceTree = BUILT_PRODUCTS_DIR; };
		A319AED51E514E0F00B154D1 /* WatchDogTests.swift */ = {isa = PBXFileReference; lastKnownFileType = sourcecode.swift; path = WatchDogTests.swift; sourceTree = "<group>"; };
		A319AED71E514E0F00B154D1 /* Info.plist */ = {isa = PBXFileReference; lastKnownFileType = text.plist.xml; path = Info.plist; sourceTree = "<group>"; };
		A319AEDC1E514E0F00B154D1 /* WatchDogUITests.xctest */ = {isa = PBXFileReference; explicitFileType = wrapper.cfbundle; includeInIndex = 0; path = WatchDogUITests.xctest; sourceTree = BUILT_PRODUCTS_DIR; };
		A319AEE01E514E0F00B154D1 /* WatchDogUITests.swift */ = {isa = PBXFileReference; lastKnownFileType = sourcecode.swift; path = WatchDogUITests.swift; sourceTree = "<group>"; };
		A319AEE21E514E0F00B154D1 /* Info.plist */ = {isa = PBXFileReference; lastKnownFileType = text.plist.xml; path = Info.plist; sourceTree = "<group>"; };
		A33525FA1E5AE0BE00B968F4 /* AddViewController.swift */ = {isa = PBXFileReference; fileEncoding = 4; lastKnownFileType = sourcecode.swift; path = AddViewController.swift; sourceTree = "<group>"; };
		A33525FE1E5AE7CD00B968F4 /* AddDevice.swift */ = {isa = PBXFileReference; fileEncoding = 4; lastKnownFileType = sourcecode.swift; path = AddDevice.swift; sourceTree = "<group>"; };
		A33526001E5AF3A000B968F4 /* StringExtension.swift */ = {isa = PBXFileReference; fileEncoding = 4; lastKnownFileType = sourcecode.swift; path = StringExtension.swift; sourceTree = "<group>"; };
		A33AA25E1E52D2080054DC12 /* JCNavigationController.swift */ = {isa = PBXFileReference; fileEncoding = 4; lastKnownFileType = sourcecode.swift; path = JCNavigationController.swift; sourceTree = "<group>"; };
		A33AA2601E52D21C0054DC12 /* BaseViewController.swift */ = {isa = PBXFileReference; fileEncoding = 4; lastKnownFileType = sourcecode.swift; path = BaseViewController.swift; sourceTree = "<group>"; };
		A3440E991E52D8E6006ADEE9 /* HomeViewController.swift */ = {isa = PBXFileReference; fileEncoding = 4; lastKnownFileType = sourcecode.swift; path = HomeViewController.swift; sourceTree = "<group>"; };
		A3499F141E5AD10A0009727C /* CreateModel.swift */ = {isa = PBXFileReference; fileEncoding = 4; lastKnownFileType = sourcecode.swift; path = CreateModel.swift; sourceTree = "<group>"; };
		A358B50A1E543B1700921DFC /* AddDevice@2x.png */ = {isa = PBXFileReference; lastKnownFileType = image.png; path = "AddDevice@2x.png"; sourceTree = "<group>"; };
		A35CEAC41E52DF3B00F8208D /* UIColorExtension.swift */ = {isa = PBXFileReference; fileEncoding = 4; lastKnownFileType = sourcecode.swift; path = UIColorExtension.swift; sourceTree = "<group>"; };
		A36D99E71E52ADDD005EFD9F /* README.md */ = {isa = PBXFileReference; fileEncoding = 4; lastKnownFileType = net.daringfireball.markdown; path = README.md; sourceTree = "<group>"; };
		A382BB001E56DF56006E1D2F /* Logger.swift */ = {isa = PBXFileReference; fileEncoding = 4; lastKnownFileType = sourcecode.swift; path = Logger.swift; sourceTree = "<group>"; };
		A3B0F88F1E515A8A00B78A09 /* FosCrypt.h */ = {isa = PBXFileReference; fileEncoding = 4; lastKnownFileType = sourcecode.c.h; path = FosCrypt.h; sourceTree = "<group>"; };
		A3B0F8901E515A8A00B78A09 /* FosDef.h */ = {isa = PBXFileReference; fileEncoding = 4; lastKnownFileType = sourcecode.c.h; path = FosDef.h; sourceTree = "<group>"; };
		A3B0F8911E515A8A00B78A09 /* fossdk.h */ = {isa = PBXFileReference; fileEncoding = 4; lastKnownFileType = sourcecode.c.h; path = fossdk.h; sourceTree = "<group>"; };
		A3B0F8921E515A8A00B78A09 /* HWDecoder.h */ = {isa = PBXFileReference; fileEncoding = 4; lastKnownFileType = sourcecode.c.h; path = HWDecoder.h; sourceTree = "<group>"; };
		A3B0F8941E515A8A00B78A09 /* libFosCrypt.a */ = {isa = PBXFileReference; lastKnownFileType = archive.ar; path = libFosCrypt.a; sourceTree = "<group>"; };
		A3B0F8951E515A8A00B78A09 /* libFosSdk.a */ = {isa = PBXFileReference; lastKnownFileType = archive.ar; path = libFosSdk.a; sourceTree = "<group>"; };
		A3B0F8961E515A8A00B78A09 /* libHWDecoder.a */ = {isa = PBXFileReference; lastKnownFileType = archive.ar; path = libHWDecoder.a; sourceTree = "<group>"; };
		A3B0F89A1E515E4500B78A09 /* WatchDog-Bridging-Header.h */ = {isa = PBXFileReference; lastKnownFileType = sourcecode.c.h; path = "WatchDog-Bridging-Header.h"; sourceTree = "<group>"; };
		A3B0F89E1E51622B00B78A09 /* libstdc++.tbd */ = {isa = PBXFileReference; lastKnownFileType = "sourcecode.text-based-dylib-definition"; name = "libstdc++.tbd"; path = "usr/lib/libstdc++.tbd"; sourceTree = SDKROOT; };
		A3F246B21E5444B10021F2A5 /* SDKHelper.swift */ = {isa = PBXFileReference; fileEncoding = 4; lastKnownFileType = sourcecode.swift; path = SDKHelper.swift; sourceTree = "<group>"; };
		A3F246B41E5445120021F2A5 /* SDKExtension.swift */ = {isa = PBXFileReference; fileEncoding = 4; lastKnownFileType = sourcecode.swift; path = SDKExtension.swift; sourceTree = "<group>"; };
		A3F246B81E5452F40021F2A5 /* LanScanViewController.swift */ = {isa = PBXFileReference; fileEncoding = 4; lastKnownFileType = sourcecode.swift; path = LanScanViewController.swift; sourceTree = "<group>"; };
		A3F246BA1E5457780021F2A5 /* LanScanCell.swift */ = {isa = PBXFileReference; fileEncoding = 4; lastKnownFileType = sourcecode.swift; path = LanScanCell.swift; sourceTree = "<group>"; };
		A3F246BC1E54709F0021F2A5 /* DeviceHelper.swift */ = {isa = PBXFileReference; fileEncoding = 4; lastKnownFileType = sourcecode.swift; path = DeviceHelper.swift; sourceTree = "<group>"; };
		CDF1C45287667CDEEB236BB4 /* Pods_WatchDog.framework */ = {isa = PBXFileReference; explicitFileType = wrapper.framework; includeInIndex = 0; path = Pods_WatchDog.framework; sourceTree = BUILT_PRODUCTS_DIR; };
/* End PBXFileReference section */

/* Begin PBXFrameworksBuildPhase section */
		A319AEBA1E514E0F00B154D1 /* Frameworks */ = {
			isa = PBXFrameworksBuildPhase;
			buildActionMask = 2147483647;
			files = (
				A3B0F89F1E51622B00B78A09 /* libstdc++.tbd in Frameworks */,
				A3B0F8981E515A8A00B78A09 /* libFosSdk.a in Frameworks */,
				A3B0F8991E515A8A00B78A09 /* libHWDecoder.a in Frameworks */,
				97A2A4CEDD68156094DADEB8 /* Pods_WatchDog.framework in Frameworks */,
				A3B0F8971E515A8A00B78A09 /* libFosCrypt.a in Frameworks */,
			);
			runOnlyForDeploymentPostprocessing = 0;
		};
		A319AECE1E514E0F00B154D1 /* Frameworks */ = {
			isa = PBXFrameworksBuildPhase;
			buildActionMask = 2147483647;
			files = (
			);
			runOnlyForDeploymentPostprocessing = 0;
		};
		A319AED91E514E0F00B154D1 /* Frameworks */ = {
			isa = PBXFrameworksBuildPhase;
			buildActionMask = 2147483647;
			files = (
			);
			runOnlyForDeploymentPostprocessing = 0;
		};
/* End PBXFrameworksBuildPhase section */

/* Begin PBXGroup section */
		012C89ADF678B07A9F2FDCF2 /* Pods */ = {
			isa = PBXGroup;
			children = (
				1659A0EB18D6343F302FA1B8 /* Pods-WatchDog.debug.xcconfig */,
				143ABB071BE24C38C3C83715 /* Pods-WatchDog.release.xcconfig */,
			);
			name = Pods;
			sourceTree = "<group>";
		};
		A30A778D1E55558E00DDB7B3 /* View */ = {
			isa = PBXGroup;
			children = (
				A30A778E1E5555CC00DDB7B3 /* JCButton.swift */,
			);
			path = View;
			sourceTree = "<group>";
		};
		A319AEB41E514E0F00B154D1 = {
			isa = PBXGroup;
			children = (
				A319AEBF1E514E0F00B154D1 /* WatchDog */,
				A319AED41E514E0F00B154D1 /* WatchDogTests */,
				A319AEDF1E514E0F00B154D1 /* WatchDogUITests */,
				A319AEBE1E514E0F00B154D1 /* Products */,
				012C89ADF678B07A9F2FDCF2 /* Pods */,
				D65CDE9D384A274FD87D1EDB /* Frameworks */,
			);
			sourceTree = "<group>";
		};
		A319AEBE1E514E0F00B154D1 /* Products */ = {
			isa = PBXGroup;
			children = (
				A319AEBD1E514E0F00B154D1 /* WatchDog.app */,
				A319AED11E514E0F00B154D1 /* WatchDogTests.xctest */,
				A319AEDC1E514E0F00B154D1 /* WatchDogUITests.xctest */,
			);
			name = Products;
			sourceTree = "<group>";
		};
		A319AEBF1E514E0F00B154D1 /* WatchDog */ = {
			isa = PBXGroup;
			children = (
				A3F2567C1E51579700C042C0 /* Venders */,
				A3F256771E51579100C042C0 /* Common */,
				A3F256711E51578500C042C0 /* Module */,
				A319AEC01E514E0F00B154D1 /* AppDelegate.swift */,
				A358B5081E543B1700921DFC /* Resource */,
				A34113CD1E52ACD900A8D52E /* Supporting Files */,
			);
			path = WatchDog;
			sourceTree = "<group>";
		};
		A319AED41E514E0F00B154D1 /* WatchDogTests */ = {
			isa = PBXGroup;
			children = (
				A319AED51E514E0F00B154D1 /* WatchDogTests.swift */,
				A319AED71E514E0F00B154D1 /* Info.plist */,
			);
			path = WatchDogTests;
			sourceTree = "<group>";
		};
		A319AEDF1E514E0F00B154D1 /* WatchDogUITests */ = {
			isa = PBXGroup;
			children = (
				A319AEE01E514E0F00B154D1 /* WatchDogUITests.swift */,
				A319AEE21E514E0F00B154D1 /* Info.plist */,
			);
			path = WatchDogUITests;
			sourceTree = "<group>";
		};
		A34113CD1E52ACD900A8D52E /* Supporting Files */ = {
			isa = PBXGroup;
			children = (
				A3B0F89A1E515E4500B78A09 /* WatchDog-Bridging-Header.h */,
				A319AEC71E514E0F00B154D1 /* Assets.xcassets */,
				A319AEC91E514E0F00B154D1 /* LaunchScreen.storyboard */,
				A319AECC1E514E0F00B154D1 /* Info.plist */,
			);
			name = "Supporting Files";
			sourceTree = "<group>";
		};
		A358B5081E543B1700921DFC /* Resource */ = {
			isa = PBXGroup;
			children = (
				A3F246AA1E543F1C0021F2A5 /* Add */,
				A3F246AB1E543F260021F2A5 /* Analysis */,
				A358B5091E543B1700921DFC /* Home */,
				A3F246AC1E543F370021F2A5 /* Live */,
				A3F246AF1E543F850021F2A5 /* Settings */,
			);
			path = Resource;
			sourceTree = "<group>";
		};
		A358B5091E543B1700921DFC /* Home */ = {
			isa = PBXGroup;
			children = (
				A358B50A1E543B1700921DFC /* AddDevice@2x.png */,
			);
			path = Home;
			sourceTree = "<group>";
		};
		A3B0F88D1E515A8A00B78A09 /* FosSDK */ = {
			isa = PBXGroup;
			children = (
				A36D99E71E52ADDD005EFD9F /* README.md */,
				A3B0F88E1E515A8A00B78A09 /* include */,
				A3B0F8931E515A8A00B78A09 /* lib */,
			);
			path = FosSDK;
			sourceTree = "<group>";
		};
		A3B0F88E1E515A8A00B78A09 /* include */ = {
			isa = PBXGroup;
			children = (
				A3B0F88F1E515A8A00B78A09 /* FosCrypt.h */,
				A3B0F8901E515A8A00B78A09 /* FosDef.h */,
				A3B0F8911E515A8A00B78A09 /* fossdk.h */,
				A3B0F8921E515A8A00B78A09 /* HWDecoder.h */,
			);
			path = include;
			sourceTree = "<group>";
		};
		A3B0F8931E515A8A00B78A09 /* lib */ = {
			isa = PBXGroup;
			children = (
				A3B0F8941E515A8A00B78A09 /* libFosCrypt.a */,
				A3B0F8951E515A8A00B78A09 /* libFosSdk.a */,
				A3B0F8961E515A8A00B78A09 /* libHWDecoder.a */,
			);
			path = lib;
			sourceTree = "<group>";
		};
		A3F246AA1E543F1C0021F2A5 /* Add */ = {
			isa = PBXGroup;
			children = (
			);
			path = Add;
			sourceTree = "<group>";
		};
		A3F246AB1E543F260021F2A5 /* Analysis */ = {
			isa = PBXGroup;
			children = (
			);
			path = Analysis;
			sourceTree = "<group>";
		};
		A3F246AC1E543F370021F2A5 /* Live */ = {
			isa = PBXGroup;
			children = (
			);
			path = Live;
			sourceTree = "<group>";
		};
		A3F246AF1E543F850021F2A5 /* Settings */ = {
			isa = PBXGroup;
			children = (
			);
			path = Settings;
			sourceTree = "<group>";
		};
		A3F256711E51578500C042C0 /* Module */ = {
			isa = PBXGroup;
			children = (
				A3F256811E51583D00C042C0 /* Add */,
				A3F256821E51583D00C042C0 /* Analysis */,
				A3F256831E51583D00C042C0 /* Home */,
				A3F256841E51583D00C042C0 /* Live */,
				A3F256851E51583D00C042C0 /* Settings */,
			);
			path = Module;
			sourceTree = "<group>";
		};
		A3F256771E51579100C042C0 /* Common */ = {
			isa = PBXGroup;
			children = (
				A3F256981E5158EA00C042C0 /* Base */,
				A30A778D1E55558E00DDB7B3 /* View */,
				A3F256781E51579100C042C0 /* Extension */,
				A3F256791E51579100C042C0 /* Manager */,
				A3F2567A1E51579100C042C0 /* Model */,
				A3F2567B1E51579100C042C0 /* Utility */,
			);
			path = Common;
			sourceTree = "<group>";
		};
		A3F256781E51579100C042C0 /* Extension */ = {
			isa = PBXGroup;
			children = (
				A35CEAC41E52DF3B00F8208D /* UIColorExtension.swift */,
				A3F246B41E5445120021F2A5 /* SDKExtension.swift */,
				A30A77901E55827C00DDB7B3 /* UIImageExtension.swift */,
				A33526001E5AF3A000B968F4 /* StringExtension.swift */,
			);
			path = Extension;
			sourceTree = "<group>";
		};
		A3F256791E51579100C042C0 /* Manager */ = {
			isa = PBXGroup;
			children = (
				A3F246B21E5444B10021F2A5 /* SDKHelper.swift */,
				A3F246BC1E54709F0021F2A5 /* DeviceHelper.swift */,
				A33525FE1E5AE7CD00B968F4 /* AddDevice.swift */,
			);
			path = Manager;
			sourceTree = "<group>";
		};
		A3F2567A1E51579100C042C0 /* Model */ = {
			isa = PBXGroup;
			children = (
				A3499F141E5AD10A0009727C /* CreateModel.swift */,
			);
			path = Model;
			sourceTree = "<group>";
		};
		A3F2567B1E51579100C042C0 /* Utility */ = {
			isa = PBXGroup;
			children = (
				A30A77981E559E4A00DDB7B3 /* UIConstants.swift */,
				A382BB001E56DF56006E1D2F /* Logger.swift */,
			);
			path = Utility;
			sourceTree = "<group>";
		};
		A3F2567C1E51579700C042C0 /* Venders */ = {
			isa = PBXGroup;
			children = (
				A3B0F88D1E515A8A00B78A09 /* FosSDK */,
			);
			path = Venders;
			sourceTree = "<group>";
		};
		A3F256811E51583D00C042C0 /* Add */ = {
			isa = PBXGroup;
			children = (
				A3F2568B1E51588000C042C0 /* ViewController */,
				A3F2568A1E51587A00C042C0 /* Model */,
				A3F256891E51587600C042C0 /* View */,
			);
			path = Add;
			sourceTree = "<group>";
		};
		A3F256821E51583D00C042C0 /* Analysis */ = {
			isa = PBXGroup;
			children = (
				A3F2568E1E51589500C042C0 /* ViewController */,
				A3F2568D1E51589000C042C0 /* Model */,
				A3F2568C1E51588B00C042C0 /* View */,
			);
			path = Analysis;
			sourceTree = "<group>";
		};
		A3F256831E51583D00C042C0 /* Home */ = {
			isa = PBXGroup;
			children = (
				A3F256911E5158AC00C042C0 /* ViewController */,
				A3F256901E5158A700C042C0 /* Model */,
				A3F2568F1E5158A200C042C0 /* View */,
			);
			path = Home;
			sourceTree = "<group>";
		};
		A3F256841E51583D00C042C0 /* Live */ = {
			isa = PBXGroup;
			children = (
				A3F256941E5158BD00C042C0 /* ViewController */,
				A3F256931E5158B800C042C0 /* Model */,
				A3F256921E5158B300C042C0 /* View */,
			);
			path = Live;
			sourceTree = "<group>";
		};
		A3F256851E51583D00C042C0 /* Settings */ = {
			isa = PBXGroup;
			children = (
				A3F256971E5158D400C042C0 /* ViewController */,
				A3F256961E5158CF00C042C0 /* Model */,
				A3F256951E5158CA00C042C0 /* View */,
			);
			path = Settings;
			sourceTree = "<group>";
		};
		A3F256891E51587600C042C0 /* View */ = {
			isa = PBXGroup;
			children = (
				A3F246BA1E5457780021F2A5 /* LanScanCell.swift */,
			);
			path = View;
			sourceTree = "<group>";
		};
		A3F2568A1E51587A00C042C0 /* Model */ = {
			isa = PBXGroup;
			children = (
			);
			path = Model;
			sourceTree = "<group>";
		};
		A3F2568B1E51588000C042C0 /* ViewController */ = {
			isa = PBXGroup;
			children = (
				A3F246B81E5452F40021F2A5 /* LanScanViewController.swift */,
				A33525FA1E5AE0BE00B968F4 /* AddViewController.swift */,
			);
			path = ViewController;
			sourceTree = "<group>";
		};
		A3F2568C1E51588B00C042C0 /* View */ = {
			isa = PBXGroup;
			children = (
			);
			path = View;
			sourceTree = "<group>";
		};
		A3F2568D1E51589000C042C0 /* Model */ = {
			isa = PBXGroup;
			children = (
			);
			path = Model;
			sourceTree = "<group>";
		};
		A3F2568E1E51589500C042C0 /* ViewController */ = {
			isa = PBXGroup;
			children = (
			);
			path = ViewController;
			sourceTree = "<group>";
		};
		A3F2568F1E5158A200C042C0 /* View */ = {
			isa = PBXGroup;
			children = (
			);
			path = View;
			sourceTree = "<group>";
		};
		A3F256901E5158A700C042C0 /* Model */ = {
			isa = PBXGroup;
			children = (
			);
			path = Model;
			sourceTree = "<group>";
		};
		A3F256911E5158AC00C042C0 /* ViewController */ = {
			isa = PBXGroup;
			children = (
				A3440E991E52D8E6006ADEE9 /* HomeViewController.swift */,
			);
			path = ViewController;
			sourceTree = "<group>";
		};
		A3F256921E5158B300C042C0 /* View */ = {
			isa = PBXGroup;
			children = (
			);
			path = View;
			sourceTree = "<group>";
		};
		A3F256931E5158B800C042C0 /* Model */ = {
			isa = PBXGroup;
			children = (
			);
			path = Model;
			sourceTree = "<group>";
		};
		A3F256941E5158BD00C042C0 /* ViewController */ = {
			isa = PBXGroup;
			children = (
			);
			path = ViewController;
			sourceTree = "<group>";
		};
		A3F256951E5158CA00C042C0 /* View */ = {
			isa = PBXGroup;
			children = (
			);
			path = View;
			sourceTree = "<group>";
		};
		A3F256961E5158CF00C042C0 /* Model */ = {
			isa = PBXGroup;
			children = (
			);
			path = Model;
			sourceTree = "<group>";
		};
		A3F256971E5158D400C042C0 /* ViewController */ = {
			isa = PBXGroup;
			children = (
			);
			path = ViewController;
			sourceTree = "<group>";
		};
		A3F256981E5158EA00C042C0 /* Base */ = {
			isa = PBXGroup;
			children = (
				A33AA25E1E52D2080054DC12 /* JCNavigationController.swift */,
				A33AA2601E52D21C0054DC12 /* BaseViewController.swift */,
			);
			path = Base;
			sourceTree = "<group>";
		};
		D65CDE9D384A274FD87D1EDB /* Frameworks */ = {
			isa = PBXGroup;
			children = (
				A3B0F89E1E51622B00B78A09 /* libstdc++.tbd */,
				CDF1C45287667CDEEB236BB4 /* Pods_WatchDog.framework */,
			);
			name = Frameworks;
			sourceTree = "<group>";
		};
/* End PBXGroup section */

/* Begin PBXNativeTarget section */
		A319AEBC1E514E0F00B154D1 /* WatchDog */ = {
			isa = PBXNativeTarget;
			buildConfigurationList = A319AEE51E514E0F00B154D1 /* Build configuration list for PBXNativeTarget "WatchDog" */;
			buildPhases = (
				C6706D6B97715E83FA0E2690 /* [CP] Check Pods Manifest.lock */,
				A319AEB91E514E0F00B154D1 /* Sources */,
				A319AEBA1E514E0F00B154D1 /* Frameworks */,
				A319AEBB1E514E0F00B154D1 /* Resources */,
				72A33EA980F0BAD9371ED047 /* [CP] Embed Pods Frameworks */,
				8FCE02EF8F1A2AB46FC7122A /* [CP] Copy Pods Resources */,
			);
			buildRules = (
			);
			dependencies = (
			);
			name = WatchDog;
			productName = WatchDog;
			productReference = A319AEBD1E514E0F00B154D1 /* WatchDog.app */;
			productType = "com.apple.product-type.application";
		};
		A319AED01E514E0F00B154D1 /* WatchDogTests */ = {
			isa = PBXNativeTarget;
			buildConfigurationList = A319AEE81E514E0F00B154D1 /* Build configuration list for PBXNativeTarget "WatchDogTests" */;
			buildPhases = (
				A319AECD1E514E0F00B154D1 /* Sources */,
				A319AECE1E514E0F00B154D1 /* Frameworks */,
				A319AECF1E514E0F00B154D1 /* Resources */,
			);
			buildRules = (
			);
			dependencies = (
				A319AED31E514E0F00B154D1 /* PBXTargetDependency */,
			);
			name = WatchDogTests;
			productName = WatchDogTests;
			productReference = A319AED11E514E0F00B154D1 /* WatchDogTests.xctest */;
			productType = "com.apple.product-type.bundle.unit-test";
		};
		A319AEDB1E514E0F00B154D1 /* WatchDogUITests */ = {
			isa = PBXNativeTarget;
			buildConfigurationList = A319AEEB1E514E0F00B154D1 /* Build configuration list for PBXNativeTarget "WatchDogUITests" */;
			buildPhases = (
				A319AED81E514E0F00B154D1 /* Sources */,
				A319AED91E514E0F00B154D1 /* Frameworks */,
				A319AEDA1E514E0F00B154D1 /* Resources */,
			);
			buildRules = (
			);
			dependencies = (
				A319AEDE1E514E0F00B154D1 /* PBXTargetDependency */,
			);
			name = WatchDogUITests;
			productName = WatchDogUITests;
			productReference = A319AEDC1E514E0F00B154D1 /* WatchDogUITests.xctest */;
			productType = "com.apple.product-type.bundle.ui-testing";
		};
/* End PBXNativeTarget section */

/* Begin PBXProject section */
		A319AEB51E514E0F00B154D1 /* Project object */ = {
			isa = PBXProject;
			attributes = {
				LastSwiftUpdateCheck = 0820;
				LastUpgradeCheck = 0820;
				ORGANIZATIONNAME = JackChan;
				TargetAttributes = {
					A319AEBC1E514E0F00B154D1 = {
						CreatedOnToolsVersion = 8.2.1;
						DevelopmentTeam = W5KEXW3PPD;
						LastSwiftMigration = 0820;
						ProvisioningStyle = Manual;
					};
					A319AED01E514E0F00B154D1 = {
						CreatedOnToolsVersion = 8.2.1;
						ProvisioningStyle = Automatic;
						TestTargetID = A319AEBC1E514E0F00B154D1;
					};
					A319AEDB1E514E0F00B154D1 = {
						CreatedOnToolsVersion = 8.2.1;
						ProvisioningStyle = Automatic;
						TestTargetID = A319AEBC1E514E0F00B154D1;
					};
				};
			};
			buildConfigurationList = A319AEB81E514E0F00B154D1 /* Build configuration list for PBXProject "WatchDog" */;
			compatibilityVersion = "Xcode 3.2";
			developmentRegion = English;
			hasScannedForEncodings = 0;
			knownRegions = (
				en,
				Base,
			);
			mainGroup = A319AEB41E514E0F00B154D1;
			productRefGroup = A319AEBE1E514E0F00B154D1 /* Products */;
			projectDirPath = "";
			projectRoot = "";
			targets = (
				A319AEBC1E514E0F00B154D1 /* WatchDog */,
				A319AED01E514E0F00B154D1 /* WatchDogTests */,
				A319AEDB1E514E0F00B154D1 /* WatchDogUITests */,
			);
		};
/* End PBXProject section */

/* Begin PBXResourcesBuildPhase section */
		A319AEBB1E514E0F00B154D1 /* Resources */ = {
			isa = PBXResourcesBuildPhase;
			buildActionMask = 2147483647;
			files = (
				A319AECB1E514E0F00B154D1 /* LaunchScreen.storyboard in Resources */,
				A319AEC81E514E0F00B154D1 /* Assets.xcassets in Resources */,
				A358B50B1E543B1700921DFC /* AddDevice@2x.png in Resources */,
			);
			runOnlyForDeploymentPostprocessing = 0;
		};
		A319AECF1E514E0F00B154D1 /* Resources */ = {
			isa = PBXResourcesBuildPhase;
			buildActionMask = 2147483647;
			files = (
			);
			runOnlyForDeploymentPostprocessing = 0;
		};
		A319AEDA1E514E0F00B154D1 /* Resources */ = {
			isa = PBXResourcesBuildPhase;
			buildActionMask = 2147483647;
			files = (
			);
			runOnlyForDeploymentPostprocessing = 0;
		};
/* End PBXResourcesBuildPhase section */

/* Begin PBXShellScriptBuildPhase section */
		72A33EA980F0BAD9371ED047 /* [CP] Embed Pods Frameworks */ = {
			isa = PBXShellScriptBuildPhase;
			buildActionMask = 2147483647;
			files = (
			);
			inputPaths = (
			);
			name = "[CP] Embed Pods Frameworks";
			outputPaths = (
			);
			runOnlyForDeploymentPostprocessing = 0;
			shellPath = /bin/sh;
			shellScript = "\"${SRCROOT}/Pods/Target Support Files/Pods-WatchDog/Pods-WatchDog-frameworks.sh\"\n";
			showEnvVarsInLog = 0;
		};
		8FCE02EF8F1A2AB46FC7122A /* [CP] Copy Pods Resources */ = {
			isa = PBXShellScriptBuildPhase;
			buildActionMask = 2147483647;
			files = (
			);
			inputPaths = (
			);
			name = "[CP] Copy Pods Resources";
			outputPaths = (
			);
			runOnlyForDeploymentPostprocessing = 0;
			shellPath = /bin/sh;
			shellScript = "\"${SRCROOT}/Pods/Target Support Files/Pods-WatchDog/Pods-WatchDog-resources.sh\"\n";
			showEnvVarsInLog = 0;
		};
		C6706D6B97715E83FA0E2690 /* [CP] Check Pods Manifest.lock */ = {
			isa = PBXShellScriptBuildPhase;
			buildActionMask = 2147483647;
			files = (
			);
			inputPaths = (
			);
			name = "[CP] Check Pods Manifest.lock";
			outputPaths = (
			);
			runOnlyForDeploymentPostprocessing = 0;
			shellPath = /bin/sh;
			shellScript = "diff \"${PODS_ROOT}/../Podfile.lock\" \"${PODS_ROOT}/Manifest.lock\" > /dev/null\nif [ $? != 0 ] ; then\n    # print error to STDERR\n    echo \"error: The sandbox is not in sync with the Podfile.lock. Run 'pod install' or update your CocoaPods installation.\" >&2\n    exit 1\nfi\n";
			showEnvVarsInLog = 0;
		};
/* End PBXShellScriptBuildPhase section */

/* Begin PBXSourcesBuildPhase section */
		A319AEB91E514E0F00B154D1 /* Sources */ = {
			isa = PBXSourcesBuildPhase;
			buildActionMask = 2147483647;
			files = (
				A3F246BB1E5457780021F2A5 /* LanScanCell.swift in Sources */,
				A3499F151E5AD10A0009727C /* CreateModel.swift in Sources */,
				A3F246BD1E54709F0021F2A5 /* DeviceHelper.swift in Sources */,
				A30A77991E559E4A00DDB7B3 /* UIConstants.swift in Sources */,
				A30A778F1E5555CC00DDB7B3 /* JCButton.swift in Sources */,
				A3F246B31E5444B10021F2A5 /* SDKHelper.swift in Sources */,
				A3F246B91E5452F40021F2A5 /* LanScanViewController.swift in Sources */,
				A33525FB1E5AE0BE00B968F4 /* AddViewController.swift in Sources */,
				A319AEC11E514E0F00B154D1 /* AppDelegate.swift in Sources */,
				A35CEAC51E52DF3B00F8208D /* UIColorExtension.swift in Sources */,
				A33AA25F1E52D2080054DC12 /* JCNavigationController.swift in Sources */,
				A33525FF1E5AE7CD00B968F4 /* AddDevice.swift in Sources */,
				A36D99E81E52ADDD005EFD9F /* README.md in Sources */,
				A382BB011E56DF56006E1D2F /* Logger.swift in Sources */,
				A30A77911E55827C00DDB7B3 /* UIImageExtension.swift in Sources */,
				A3440E9A1E52D8E6006ADEE9 /* HomeViewController.swift in Sources */,
				A33526011E5AF3A000B968F4 /* StringExtension.swift in Sources */,
				A33AA2611E52D21C0054DC12 /* BaseViewController.swift in Sources */,
				A3F246B51E5445120021F2A5 /* SDKExtension.swift in Sources */,
			);
			runOnlyForDeploymentPostprocessing = 0;
		};
		A319AECD1E514E0F00B154D1 /* Sources */ = {
			isa = PBXSourcesBuildPhase;
			buildActionMask = 2147483647;
			files = (
				A319AED61E514E0F00B154D1 /* WatchDogTests.swift in Sources */,
			);
			runOnlyForDeploymentPostprocessing = 0;
		};
		A319AED81E514E0F00B154D1 /* Sources */ = {
			isa = PBXSourcesBuildPhase;
			buildActionMask = 2147483647;
			files = (
				A319AEE11E514E0F00B154D1 /* WatchDogUITests.swift in Sources */,
			);
			runOnlyForDeploymentPostprocessing = 0;
		};
/* End PBXSourcesBuildPhase section */

/* Begin PBXTargetDependency section */
		A319AED31E514E0F00B154D1 /* PBXTargetDependency */ = {
			isa = PBXTargetDependency;
			target = A319AEBC1E514E0F00B154D1 /* WatchDog */;
			targetProxy = A319AED21E514E0F00B154D1 /* PBXContainerItemProxy */;
		};
		A319AEDE1E514E0F00B154D1 /* PBXTargetDependency */ = {
			isa = PBXTargetDependency;
			target = A319AEBC1E514E0F00B154D1 /* WatchDog */;
			targetProxy = A319AEDD1E514E0F00B154D1 /* PBXContainerItemProxy */;
		};
/* End PBXTargetDependency section */

/* Begin PBXVariantGroup section */
		A319AEC91E514E0F00B154D1 /* LaunchScreen.storyboard */ = {
			isa = PBXVariantGroup;
			children = (
				A319AECA1E514E0F00B154D1 /* Base */,
			);
			name = LaunchScreen.storyboard;
			sourceTree = "<group>";
		};
/* End PBXVariantGroup section */

/* Begin XCBuildConfiguration section */
		A319AEE31E514E0F00B154D1 /* Debug */ = {
			isa = XCBuildConfiguration;
			buildSettings = {
				ALWAYS_SEARCH_USER_PATHS = NO;
				CLANG_ANALYZER_NONNULL = YES;
				CLANG_CXX_LANGUAGE_STANDARD = "gnu++0x";
				CLANG_CXX_LIBRARY = "libc++";
				CLANG_ENABLE_MODULES = YES;
				CLANG_ENABLE_OBJC_ARC = YES;
				CLANG_WARN_BOOL_CONVERSION = YES;
				CLANG_WARN_CONSTANT_CONVERSION = YES;
				CLANG_WARN_DIRECT_OBJC_ISA_USAGE = YES_ERROR;
				CLANG_WARN_DOCUMENTATION_COMMENTS = YES;
				CLANG_WARN_EMPTY_BODY = YES;
				CLANG_WARN_ENUM_CONVERSION = YES;
				CLANG_WARN_INFINITE_RECURSION = YES;
				CLANG_WARN_INT_CONVERSION = YES;
				CLANG_WARN_OBJC_ROOT_CLASS = YES_ERROR;
				CLANG_WARN_SUSPICIOUS_MOVE = YES;
				CLANG_WARN_UNREACHABLE_CODE = YES;
				CLANG_WARN__DUPLICATE_METHOD_MATCH = YES;
				"CODE_SIGN_IDENTITY[sdk=iphoneos*]" = "iPhone Developer";
				COPY_PHASE_STRIP = NO;
				DEBUG_INFORMATION_FORMAT = dwarf;
				ENABLE_STRICT_OBJC_MSGSEND = YES;
				ENABLE_TESTABILITY = YES;
				GCC_C_LANGUAGE_STANDARD = gnu99;
				GCC_DYNAMIC_NO_PIC = NO;
				GCC_NO_COMMON_BLOCKS = YES;
				GCC_OPTIMIZATION_LEVEL = 0;
				GCC_PREPROCESSOR_DEFINITIONS = (
					"DEBUG=1",
					"$(inherited)",
				);
				GCC_WARN_64_TO_32_BIT_CONVERSION = YES;
				GCC_WARN_ABOUT_RETURN_TYPE = YES_ERROR;
				GCC_WARN_UNDECLARED_SELECTOR = YES;
				GCC_WARN_UNINITIALIZED_AUTOS = YES_AGGRESSIVE;
				GCC_WARN_UNUSED_FUNCTION = YES;
				GCC_WARN_UNUSED_VARIABLE = YES;
				IPHONEOS_DEPLOYMENT_TARGET = 10.2;
				MTL_ENABLE_DEBUG_INFO = YES;
				ONLY_ACTIVE_ARCH = YES;
				SDKROOT = iphoneos;
				SWIFT_ACTIVE_COMPILATION_CONDITIONS = DEBUG;
				SWIFT_OPTIMIZATION_LEVEL = "-Onone";
			};
			name = Debug;
		};
		A319AEE41E514E0F00B154D1 /* Release */ = {
			isa = XCBuildConfiguration;
			buildSettings = {
				ALWAYS_SEARCH_USER_PATHS = NO;
				CLANG_ANALYZER_NONNULL = YES;
				CLANG_CXX_LANGUAGE_STANDARD = "gnu++0x";
				CLANG_CXX_LIBRARY = "libc++";
				CLANG_ENABLE_MODULES = YES;
				CLANG_ENABLE_OBJC_ARC = YES;
				CLANG_WARN_BOOL_CONVERSION = YES;
				CLANG_WARN_CONSTANT_CONVERSION = YES;
				CLANG_WARN_DIRECT_OBJC_ISA_USAGE = YES_ERROR;
				CLANG_WARN_DOCUMENTATION_COMMENTS = YES;
				CLANG_WARN_EMPTY_BODY = YES;
				CLANG_WARN_ENUM_CONVERSION = YES;
				CLANG_WARN_INFINITE_RECURSION = YES;
				CLANG_WARN_INT_CONVERSION = YES;
				CLANG_WARN_OBJC_ROOT_CLASS = YES_ERROR;
				CLANG_WARN_SUSPICIOUS_MOVE = YES;
				CLANG_WARN_UNREACHABLE_CODE = YES;
				CLANG_WARN__DUPLICATE_METHOD_MATCH = YES;
				"CODE_SIGN_IDENTITY[sdk=iphoneos*]" = "iPhone Developer";
				COPY_PHASE_STRIP = NO;
				DEBUG_INFORMATION_FORMAT = "dwarf-with-dsym";
				ENABLE_NS_ASSERTIONS = NO;
				ENABLE_STRICT_OBJC_MSGSEND = YES;
				GCC_C_LANGUAGE_STANDARD = gnu99;
				GCC_NO_COMMON_BLOCKS = YES;
				GCC_WARN_64_TO_32_BIT_CONVERSION = YES;
				GCC_WARN_ABOUT_RETURN_TYPE = YES_ERROR;
				GCC_WARN_UNDECLARED_SELECTOR = YES;
				GCC_WARN_UNINITIALIZED_AUTOS = YES_AGGRESSIVE;
				GCC_WARN_UNUSED_FUNCTION = YES;
				GCC_WARN_UNUSED_VARIABLE = YES;
				IPHONEOS_DEPLOYMENT_TARGET = 10.2;
				MTL_ENABLE_DEBUG_INFO = NO;
				SDKROOT = iphoneos;
				SWIFT_OPTIMIZATION_LEVEL = "-Owholemodule";
				VALIDATE_PRODUCT = YES;
			};
			name = Release;
		};
		A319AEE61E514E0F00B154D1 /* Debug */ = {
			isa = XCBuildConfiguration;
			baseConfigurationReference = 1659A0EB18D6343F302FA1B8 /* Pods-WatchDog.debug.xcconfig */;
			buildSettings = {
				ASSETCATALOG_COMPILER_APPICON_NAME = AppIcon;
				CLANG_CXX_LANGUAGE_STANDARD = "gnu++0x";
				CLANG_CXX_LIBRARY = "libc++";
				CLANG_ENABLE_MODULES = YES;
				DEVELOPMENT_TEAM = W5KEXW3PPD;
				ENABLE_BITCODE = NO;
				INFOPLIST_FILE = WatchDog/Info.plist;
				LD_RUNPATH_SEARCH_PATHS = "$(inherited) @executable_path/Frameworks";
				LIBRARY_SEARCH_PATHS = (
					"$(inherited)",
					"$(PROJECT_DIR)/WatchDog/Venders/FosSDK/lib",
				);
				PRODUCT_BUNDLE_IDENTIFIER = com.foscam.Fosbaby;
				PRODUCT_NAME = "$(TARGET_NAME)";
				PROVISIONING_PROFILE = "77f06a34-8c00-40e1-baf7-503f2351148d";
				PROVISIONING_PROFILE_SPECIFIER = Fosbaby_Dev;
				SWIFT_OBJC_BRIDGING_HEADER = "WatchDog/WatchDog-Bridging-Header.h";
				SWIFT_OPTIMIZATION_LEVEL = "-Onone";
				SWIFT_VERSION = 3.0;
				VALID_ARCHS = "arm64 armv7";
			};
			name = Debug;
		};
		A319AEE71E514E0F00B154D1 /* Release */ = {
			isa = XCBuildConfiguration;
			baseConfigurationReference = 143ABB071BE24C38C3C83715 /* Pods-WatchDog.release.xcconfig */;
			buildSettings = {
				ASSETCATALOG_COMPILER_APPICON_NAME = AppIcon;
				CLANG_CXX_LANGUAGE_STANDARD = "gnu++0x";
				CLANG_CXX_LIBRARY = "libc++";
				CLANG_ENABLE_MODULES = YES;
				"CODE_SIGN_IDENTITY[sdk=iphoneos*]" = "iPhone Distribution";
				DEVELOPMENT_TEAM = W5KEXW3PPD;
				ENABLE_BITCODE = NO;
				INFOPLIST_FILE = WatchDog/Info.plist;
				LD_RUNPATH_SEARCH_PATHS = "$(inherited) @executable_path/Frameworks";
				LIBRARY_SEARCH_PATHS = (
					"$(inherited)",
					"$(PROJECT_DIR)/WatchDog/Venders/FosSDK/lib",
				);
				PRODUCT_BUNDLE_IDENTIFIER = com.foscam.Fosbaby;
				PRODUCT_NAME = "$(TARGET_NAME)";
				PROVISIONING_PROFILE = "eefe0cae-df2c-4799-938e-9da30a85166a";
				PROVISIONING_PROFILE_SPECIFIER = Fosbaby_AdHoc;
				SWIFT_OBJC_BRIDGING_HEADER = "WatchDog/WatchDog-Bridging-Header.h";
				SWIFT_VERSION = 3.0;
				VALID_ARCHS = "arm64 armv7";
			};
			name = Release;
		};
		A319AEE91E514E0F00B154D1 /* Debug */ = {
			isa = XCBuildConfiguration;
			buildSettings = {
				ALWAYS_EMBED_SWIFT_STANDARD_LIBRARIES = YES;
				BUNDLE_LOADER = "$(TEST_HOST)";
				INFOPLIST_FILE = WatchDogTests/Info.plist;
				LD_RUNPATH_SEARCH_PATHS = "$(inherited) @executable_path/Frameworks @loader_path/Frameworks";
				PRODUCT_BUNDLE_IDENTIFIER = com.JackChan.WatchDogTests;
				PRODUCT_NAME = "$(TARGET_NAME)";
				SWIFT_VERSION = 3.0;
				TEST_HOST = "$(BUILT_PRODUCTS_DIR)/WatchDog.app/WatchDog";
			};
			name = Debug;
		};
		A319AEEA1E514E0F00B154D1 /* Release */ = {
			isa = XCBuildConfiguration;
			buildSettings = {
				ALWAYS_EMBED_SWIFT_STANDARD_LIBRARIES = YES;
				BUNDLE_LOADER = "$(TEST_HOST)";
				INFOPLIST_FILE = WatchDogTests/Info.plist;
				LD_RUNPATH_SEARCH_PATHS = "$(inherited) @executable_path/Frameworks @loader_path/Frameworks";
				PRODUCT_BUNDLE_IDENTIFIER = com.JackChan.WatchDogTests;
				PRODUCT_NAME = "$(TARGET_NAME)";
				SWIFT_VERSION = 3.0;
				TEST_HOST = "$(BUILT_PRODUCTS_DIR)/WatchDog.app/WatchDog";
			};
			name = Release;
		};
		A319AEEC1E514E0F00B154D1 /* Debug */ = {
			isa = XCBuildConfiguration;
			buildSettings = {
				ALWAYS_EMBED_SWIFT_STANDARD_LIBRARIES = YES;
				INFOPLIST_FILE = WatchDogUITests/Info.plist;
				LD_RUNPATH_SEARCH_PATHS = "$(inherited) @executable_path/Frameworks @loader_path/Frameworks";
				PRODUCT_BUNDLE_IDENTIFIER = com.JackChan.WatchDogUITests;
				PRODUCT_NAME = "$(TARGET_NAME)";
				SWIFT_VERSION = 3.0;
				TEST_TARGET_NAME = WatchDog;
			};
			name = Debug;
		};
		A319AEED1E514E0F00B154D1 /* Release */ = {
			isa = XCBuildConfiguration;
			buildSettings = {
				ALWAYS_EMBED_SWIFT_STANDARD_LIBRARIES = YES;
				INFOPLIST_FILE = WatchDogUITests/Info.plist;
				LD_RUNPATH_SEARCH_PATHS = "$(inherited) @executable_path/Frameworks @loader_path/Frameworks";
				PRODUCT_BUNDLE_IDENTIFIER = com.JackChan.WatchDogUITests;
				PRODUCT_NAME = "$(TARGET_NAME)";
				SWIFT_VERSION = 3.0;
				TEST_TARGET_NAME = WatchDog;
			};
			name = Release;
		};
/* End XCBuildConfiguration section */

/* Begin XCConfigurationList section */
		A319AEB81E514E0F00B154D1 /* Build configuration list for PBXProject "WatchDog" */ = {
			isa = XCConfigurationList;
			buildConfigurations = (
				A319AEE31E514E0F00B154D1 /* Debug */,
				A319AEE41E514E0F00B154D1 /* Release */,
			);
			defaultConfigurationIsVisible = 0;
			defaultConfigurationName = Release;
		};
		A319AEE51E514E0F00B154D1 /* Build configuration list for PBXNativeTarget "WatchDog" */ = {
			isa = XCConfigurationList;
			buildConfigurations = (
				A319AEE61E514E0F00B154D1 /* Debug */,
				A319AEE71E514E0F00B154D1 /* Release */,
			);
			defaultConfigurationIsVisible = 0;
			defaultConfigurationName = Release;
		};
		A319AEE81E514E0F00B154D1 /* Build configuration list for PBXNativeTarget "WatchDogTests" */ = {
			isa = XCConfigurationList;
			buildConfigurations = (
				A319AEE91E514E0F00B154D1 /* Debug */,
				A319AEEA1E514E0F00B154D1 /* Release */,
			);
			defaultConfigurationIsVisible = 0;
			defaultConfigurationName = Release;
		};
		A319AEEB1E514E0F00B154D1 /* Build configuration list for PBXNativeTarget "WatchDogUITests" */ = {
			isa = XCConfigurationList;
			buildConfigurations = (
				A319AEEC1E514E0F00B154D1 /* Debug */,
				A319AEED1E514E0F00B154D1 /* Release */,
			);
			defaultConfigurationIsVisible = 0;
			defaultConfigurationName = Release;
		};
/* End XCConfigurationList section */
	};
	rootObject = A319AEB51E514E0F00B154D1 /* Project object */;
}
